
Microsoft Visual Studio Solution File, Format Version 12.00
# Visual Studio Version 17
VisualStudioVersion = 17.4.33027.239
MinimumVisualStudioVersion = 10.0.40219.1
Project("{9A19103F-16F7-4668-BE54-9A1E7A4F7556}") = "OpaqueCamp.Launcher.Application", "OpaqueCamp.Launcher.Application\OpaqueCamp.Launcher.Application.csproj", "{3699371B-840D-4C12-98DC-1B3B45C5641C}"
EndProject
Project("{9A19103F-16F7-4668-BE54-9A1E7A4F7556}") = "OpaqueCamp.Launcher.Core", "OpaqueCamp.Launcher.Core\OpaqueCamp.Launcher.Core.csproj", "{04A4B6F3-8760-4A9E-B721-7C38D8B9C03F}"
EndProject
Project("{FAE04EC0-301F-11D3-BF4B-00C04F79EFBC}") = "OpaqueCamp.Launcher.Core.Tests", "OpaqueCamp.Launcher.Core.Tests\OpaqueCamp.Launcher.Core.Tests.csproj", "{DD609EF1-9B3C-419E-B421-0D8905A3E4D6}"
EndProject
Project("{FAE04EC0-301F-11D3-BF4B-00C04F79EFBC}") = "OpaqueCamp.Launcher.Infrastructure", "OpaqueCamp.Launcher.Infrastructure\OpaqueCamp.Launcher.Infrastructure.csproj", "{BF3A98FD-B190-4D08-8B61-9277D084DA84}"
EndProject
Project("{FAE04EC0-301F-11D3-BF4B-00C04F79EFBC}") = "CmlLib", "CmlLib.Core\CmlLib\CmlLib.csproj", "{68F344B2-EF3C-4C35-99DE-A4B6D0CDBF3D}"
EndProject
Project("{FAE04EC0-301F-11D3-BF4B-00C04F79EFBC}") = "OpaqueCamp.Launcher.Infrastructure.Tests", "OpaqueCamp.Launcher.Infrastructure.Tests\OpaqueCamp.Launcher.Infrastructure.Tests.csproj", "{EBEC948E-C641-4B88-9BEA-A82FFEA0DB81}"
EndProject
Global
	GlobalSection(SolutionConfigurationPlatforms) = preSolution
		Debug|Any CPU = Debug|Any CPU
		Release|Any CPU = Release|Any CPU
	EndGlobalSection
	GlobalSection(ProjectConfigurationPlatforms) = postSolution
		{3699371B-840D-4C12-98DC-1B3B45C5641C}.Debug|Any CPU.ActiveCfg = Debug|Any CPU
		{3699371B-840D-4C12-98DC-1B3B45C5641C}.Debug|Any CPU.Build.0 = Debug|Any CPU
		{3699371B-840D-4C12-98DC-1B3B45C5641C}.Release|Any CPU.ActiveCfg = Release|Any CPU
		{3699371B-840D-4C12-98DC-1B3B45C5641C}.Release|Any CPU.Build.0 = Release|Any CPU
		{04A4B6F3-8760-4A9E-B721-7C38D8B9C03F}.Debug|Any CPU.ActiveCfg = Debug|Any CPU
		{04A4B6F3-8760-4A9E-B721-7C38D8B9C03F}.Debug|Any CPU.Build.0 = Debug|Any CPU
		{04A4B6F3-8760-4A9E-B721-7C38D8B9C03F}.Release|Any CPU.ActiveCfg = Release|Any CPU
		{04A4B6F3-8760-4A9E-B721-7C38D8B9C03F}.Release|Any CPU.Build.0 = Release|Any CPU
		{DD609EF1-9B3C-419E-B421-0D8905A3E4D6}.Debug|Any CPU.ActiveCfg = Debug|Any CPU
		{DD609EF1-9B3C-419E-B421-0D8905A3E4D6}.Debug|Any CPU.Build.0 = Debug|Any CPU
		{DD609EF1-9B3C-419E-B421-0D8905A3E4D6}.Release|Any CPU.ActiveCfg = Release|Any CPU
		{DD609EF1-9B3C-419E-B421-0D8905A3E4D6}.Release|Any CPU.Build.0 = Release|Any CPU
		{BF3A98FD-B190-4D08-8B61-9277D084DA84}.Debug|Any CPU.ActiveCfg = Debug|Any CPU
		{BF3A98FD-B190-4D08-8B61-9277D084DA84}.Debug|Any CPU.Build.0 = Debug|Any CPU
		{BF3A98FD-B190-4D08-8B61-9277D084DA84}.Release|Any CPU.ActiveCfg = Release|Any CPU
		{BF3A98FD-B190-4D08-8B61-9277D084DA84}.Release|Any CPU.Build.0 = Release|Any CPU
		{68F344B2-EF3C-4C35-99DE-A4B6D0CDBF3D}.Debug|Any CPU.ActiveCfg = Debug|Any CPU
		{68F344B2-EF3C-4C35-99DE-A4B6D0CDBF3D}.Debug|Any CPU.Build.0 = Debug|Any CPU
		{68F344B2-EF3C-4C35-99DE-A4B6D0CDBF3D}.Release|Any CPU.ActiveCfg = Release|Any CPU
		{68F344B2-EF3C-4C35-99DE-A4B6D0CDBF3D}.Release|Any CPU.Build.0 = Release|Any CPU
		{EBEC948E-C641-4B88-9BEA-A82FFEA0DB81}.Debug|Any CPU.ActiveCfg = Debug|Any CPU
		{EBEC948E-C641-4B88-9BEA-A82FFEA0DB81}.Debug|Any CPU.Build.0 = Debug|Any CPU
		{EBEC948E-C641-4B88-9BEA-A82FFEA0DB81}.Release|Any CPU.ActiveCfg = Release|Any CPU
		{EBEC948E-C641-4B88-9BEA-A82FFEA0DB81}.Release|Any CPU.Build.0 = Release|Any CPU
	EndGlobalSection
	GlobalSection(SolutionProperties) = preSolution
		HideSolutionNode = FALSE
	EndGlobalSection
	GlobalSection(ExtensibilityGlobals) = postSolution
		SolutionGuid = {7476AE3A-5C91-429D-8CDE-44BBD7E5704E}
	EndGlobalSection
EndGlobal
